
Microsoft Visual Studio Solution File, Format Version 12.00
# Visual Studio 14
VisualStudioVersion = 14.0.24720.0
MinimumVisualStudioVersion = 10.0.40219.1
Project("{FAE04EC0-301F-11D3-BF4B-00C04F79EFBC}") = "SocketServer", "SocketServer\SocketServer.csproj", "{316E9BDE-B23E-45AD-8F80-4EF199CCA2E2}"
EndProject
Project("{FAE04EC0-301F-11D3-BF4B-00C04F79EFBC}") = "SocketClient", "SocketClient\SocketClient.csproj", "{88C95E5B-4F9E-4F0F-ACAC-F2C2B4FDD095}"
EndProject
Project("{FAE04EC0-301F-11D3-BF4B-00C04F79EFBC}") = "SocketTask", "SocketTask\SocketTask.csproj", "{BFD69385-5AE1-4A85-81EC-F0B73F0503E6}"
EndProject
Project("{9092AA53-FB77-4645-B42D-1CCCA6BD08BD}") = "SocketServerNode", "..\SocketServerNode.njsproj", "{4498141E-C11B-4D5A-B629-A4F7FA9043EA}"
EndProject
Global
	GlobalSection(SolutionConfigurationPlatforms) = preSolution
		Debug|Any CPU = Debug|Any CPU
		Debug|ARM = Debug|ARM
		Debug|x64 = Debug|x64
		Debug|x86 = Debug|x86
		Release|Any CPU = Release|Any CPU
		Release|ARM = Release|ARM
		Release|x64 = Release|x64
		Release|x86 = Release|x86
	EndGlobalSection
	GlobalSection(ProjectConfigurationPlatforms) = postSolution
		{316E9BDE-B23E-45AD-8F80-4EF199CCA2E2}.Debug|Any CPU.ActiveCfg = Debug|Any CPU
		{316E9BDE-B23E-45AD-8F80-4EF199CCA2E2}.Debug|Any CPU.Build.0 = Debug|Any CPU
		{316E9BDE-B23E-45AD-8F80-4EF199CCA2E2}.Debug|ARM.ActiveCfg = Debug|Any CPU
		{316E9BDE-B23E-45AD-8F80-4EF199CCA2E2}.Debug|ARM.Build.0 = Debug|Any CPU
		{316E9BDE-B23E-45AD-8F80-4EF199CCA2E2}.Debug|x64.ActiveCfg = Debug|Any CPU
		{316E9BDE-B23E-45AD-8F80-4EF199CCA2E2}.Debug|x64.Build.0 = Debug|Any CPU
		{316E9BDE-B23E-45AD-8F80-4EF199CCA2E2}.Debug|x86.ActiveCfg = Debug|Any CPU
		{316E9BDE-B23E-45AD-8F80-4EF199CCA2E2}.Debug|x86.Build.0 = Debug|Any CPU
		{316E9BDE-B23E-45AD-8F80-4EF199CCA2E2}.Release|Any CPU.ActiveCfg = Release|Any CPU
		{316E9BDE-B23E-45AD-8F80-4EF199CCA2E2}.Release|Any CPU.Build.0 = Release|Any CPU
		{316E9BDE-B23E-45AD-8F80-4EF199CCA2E2}.Release|ARM.ActiveCfg = Release|Any CPU
		{316E9BDE-B23E-45AD-8F80-4EF199CCA2E2}.Release|ARM.Build.0 = Release|Any CPU
		{316E9BDE-B23E-45AD-8F80-4EF199CCA2E2}.Release|x64.ActiveCfg = Release|Any CPU
		{316E9BDE-B23E-45AD-8F80-4EF199CCA2E2}.Release|x64.Build.0 = Release|Any CPU
		{316E9BDE-B23E-45AD-8F80-4EF199CCA2E2}.Release|x86.ActiveCfg = Release|Any CPU
		{316E9BDE-B23E-45AD-8F80-4EF199CCA2E2}.Release|x86.Build.0 = Release|Any CPU
		{88C95E5B-4F9E-4F0F-ACAC-F2C2B4FDD095}.Debug|Any CPU.ActiveCfg = Debug|x86
		{88C95E5B-4F9E-4F0F-ACAC-F2C2B4FDD095}.Debug|ARM.ActiveCfg = Debug|ARM
		{88C95E5B-4F9E-4F0F-ACAC-F2C2B4FDD095}.Debug|ARM.Build.0 = Debug|ARM
		{88C95E5B-4F9E-4F0F-ACAC-F2C2B4FDD095}.Debug|ARM.Deploy.0 = Debug|ARM
		{88C95E5B-4F9E-4F0F-ACAC-F2C2B4FDD095}.Debug|x64.ActiveCfg = Debug|x64
		{88C95E5B-4F9E-4F0F-ACAC-F2C2B4FDD095}.Debug|x64.Build.0 = Debug|x64
		{88C95E5B-4F9E-4F0F-ACAC-F2C2B4FDD095}.Debug|x64.Deploy.0 = Debug|x64
		{88C95E5B-4F9E-4F0F-ACAC-F2C2B4FDD095}.Debug|x86.ActiveCfg = Debug|x86
		{88C95E5B-4F9E-4F0F-ACAC-F2C2B4FDD095}.Debug|x86.Build.0 = Debug|x86
		{88C95E5B-4F9E-4F0F-ACAC-F2C2B4FDD095}.Debug|x86.Deploy.0 = Debug|x86
		{88C95E5B-4F9E-4F0F-ACAC-F2C2B4FDD095}.Release|Any CPU.ActiveCfg = Release|x86
		{88C95E5B-4F9E-4F0F-ACAC-F2C2B4FDD095}.Release|ARM.ActiveCfg = Release|ARM
		{88C95E5B-4F9E-4F0F-ACAC-F2C2B4FDD095}.Release|ARM.Build.0 = Release|ARM
		{88C95E5B-4F9E-4F0F-ACAC-F2C2B4FDD095}.Release|ARM.Deploy.0 = Release|ARM
		{88C95E5B-4F9E-4F0F-ACAC-F2C2B4FDD095}.Release|x64.ActiveCfg = Release|x64
		{88C95E5B-4F9E-4F0F-ACAC-F2C2B4FDD095}.Release|x64.Build.0 = Release|x64
		{88C95E5B-4F9E-4F0F-ACAC-F2C2B4FDD095}.Release|x64.Deploy.0 = Release|x64
		{88C95E5B-4F9E-4F0F-ACAC-F2C2B4FDD095}.Release|x86.ActiveCfg = Release|x86
		{88C95E5B-4F9E-4F0F-ACAC-F2C2B4FDD095}.Release|x86.Build.0 = Release|x86
		{88C95E5B-4F9E-4F0F-ACAC-F2C2B4FDD095}.Release|x86.Deploy.0 = Release|x86
		{BFD69385-5AE1-4A85-81EC-F0B73F0503E6}.Debug|Any CPU.ActiveCfg = Debug|Any CPU
		{BFD69385-5AE1-4A85-81EC-F0B73F0503E6}.Debug|Any CPU.Build.0 = Debug|Any CPU
		{BFD69385-5AE1-4A85-81EC-F0B73F0503E6}.Debug|ARM.ActiveCfg = Debug|ARM
		{BFD69385-5AE1-4A85-81EC-F0B73F0503E6}.Debug|ARM.Build.0 = Debug|ARM
		{BFD69385-5AE1-4A85-81EC-F0B73F0503E6}.Debug|x64.ActiveCfg = Debug|x64
		{BFD69385-5AE1-4A85-81EC-F0B73F0503E6}.Debug|x64.Build.0 = Debug|x64
		{BFD69385-5AE1-4A85-81EC-F0B73F0503E6}.Debug|x86.ActiveCfg = Debug|x86
		{BFD69385-5AE1-4A85-81EC-F0B73F0503E6}.Debug|x86.Build.0 = Debug|x86
		{BFD69385-5AE1-4A85-81EC-F0B73F0503E6}.Release|Any CPU.ActiveCfg = Release|Any CPU
		{BFD69385-5AE1-4A85-81EC-F0B73F0503E6}.Release|Any CPU.Build.0 = Release|Any CPU
		{BFD69385-5AE1-4A85-81EC-F0B73F0503E6}.Release|ARM.ActiveCfg = Release|ARM
		{BFD69385-5AE1-4A85-81EC-F0B73F0503E6}.Release|ARM.Build.0 = Release|ARM
		{BFD69385-5AE1-4A85-81EC-F0B73F0503E6}.Release|x64.ActiveCfg = Release|x64
		{BFD69385-5AE1-4A85-81EC-F0B73F0503E6}.Release|x64.Build.0 = Release|x64
		{BFD69385-5AE1-4A85-81EC-F0B73F0503E6}.Release|x86.ActiveCfg = Release|x86
		{BFD69385-5AE1-4A85-81EC-F0B73F0503E6}.Release|x86.Build.0 = Release|x86
		{4498141E-C11B-4D5A-B629-A4F7FA9043EA}.Debug|Any CPU.ActiveCfg = Debug|Any CPU
		{4498141E-C11B-4D5A-B629-A4F7FA9043EA}.Debug|Any CPU.Build.0 = Debug|Any CPU
		{4498141E-C11B-4D5A-B629-A4F7FA9043EA}.Debug|ARM.ActiveCfg = Debug|Any CPU
		{4498141E-C11B-4D5A-B629-A4F7FA9043EA}.Debug|ARM.Build.0 = Debug|Any CPU
		{4498141E-C11B-4D5A-B629-A4F7FA9043EA}.Debug|x64.ActiveCfg = Debug|Any CPU
		{4498141E-C11B-4D5A-B629-A4F7FA9043EA}.Debug|x64.Build.0 = Debug|Any CPU
		{4498141E-C11B-4D5A-B629-A4F7FA9043EA}.Debug|x86.ActiveCfg = Debug|Any CPU
		{4498141E-C11B-4D5A-B629-A4F7FA9043EA}.Debug|x86.Build.0 = Debug|Any CPU
		{4498141E-C11B-4D5A-B629-A4F7FA9043EA}.Release|Any CPU.ActiveCfg = Release|Any CPU
		{4498141E-C11B-4D5A-B629-A4F7FA9043EA}.Release|Any CPU.Build.0 = Release|Any CPU
		{4498141E-C11B-4D5A-B629-A4F7FA9043EA}.Release|ARM.ActiveCfg = Release|Any CPU
		{4498141E-C11B-4D5A-B629-A4F7FA9043EA}.Release|ARM.Build.0 = Release|Any CPU
		{4498141E-C11B-4D5A-B629-A4F7FA9043EA}.Release|x64.ActiveCfg = Release|Any CPU
		{4498141E-C11B-4D5A-B629-A4F7FA9043EA}.Release|x64.Build.0 = Release|Any CPU
		{4498141E-C11B-4D5A-B629-A4F7FA9043EA}.Release|x86.ActiveCfg = Release|Any CPU
		{4498141E-C11B-4D5A-B629-A4F7FA9043EA}.Release|x86.Build.0 = Release|Any CPU
	EndGlobalSection
	GlobalSection(SolutionProperties) = preSolution
		HideSolutionNode = FALSE
	EndGlobalSection
EndGlobal
